// !$*UTF8*$!
{
	archiveVersion = 1;
	classes = {
	};
	objectVersion = 51;
	objects = {

/* Begin PBXBuildFile section */
		4641408B25F8E75E00649126 /* TickerHeaderView.swift in Sources */ = {isa = PBXBuildFile; fileRef = 4641408A25F8E75E00649126 /* TickerHeaderView.swift */; };
		4662DEC625F6444900520DA5 /* AppDelegate.swift in Sources */ = {isa = PBXBuildFile; fileRef = 4662DEC525F6444900520DA5 /* AppDelegate.swift */; };
		4662DEC825F6444900520DA5 /* SceneDelegate.swift in Sources */ = {isa = PBXBuildFile; fileRef = 4662DEC725F6444900520DA5 /* SceneDelegate.swift */; };
		4662DECA25F6444900520DA5 /* ViewController.swift in Sources */ = {isa = PBXBuildFile; fileRef = 4662DEC925F6444900520DA5 /* ViewController.swift */; };
		4662DECD25F6444900520DA5 /* Main.storyboard in Resources */ = {isa = PBXBuildFile; fileRef = 4662DECB25F6444900520DA5 /* Main.storyboard */; };
		4662DECF25F6444C00520DA5 /* Assets.xcassets in Resources */ = {isa = PBXBuildFile; fileRef = 4662DECE25F6444C00520DA5 /* Assets.xcassets */; };
		4662DED225F6444C00520DA5 /* LaunchScreen.storyboard in Resources */ = {isa = PBXBuildFile; fileRef = 4662DED025F6444C00520DA5 /* LaunchScreen.storyboard */; };
		4662DEDB25F6453900520DA5 /* TickersTableViewController.swift in Sources */ = {isa = PBXBuildFile; fileRef = 4662DEDA25F6453900520DA5 /* TickersTableViewController.swift */; };
		4662DEDE25F646A100520DA5 /* Tickers.swift in Sources */ = {isa = PBXBuildFile; fileRef = 4662DEDD25F646A100520DA5 /* Tickers.swift */; };
		4662DEE125F64E9C00520DA5 /* APIClient.swift in Sources */ = {isa = PBXBuildFile; fileRef = 4662DEE025F64E9C00520DA5 /* APIClient.swift */; };
		4662DEF325F8AD8000520DA5 /* TickerCell.swift in Sources */ = {isa = PBXBuildFile; fileRef = 4662DEF225F8AD8000520DA5 /* TickerCell.swift */; };
		AA488322F8DA1FD9A1A8F46E /* Pods_TickersPoloniex.framework in Frameworks */ = {isa = PBXBuildFile; fileRef = 9E861E2D4FAD720F5D7A8645 /* Pods_TickersPoloniex.framework */; };
/* End PBXBuildFile section */

/* Begin PBXFileReference section */
		4641408A25F8E75E00649126 /* TickerHeaderView.swift */ = {isa = PBXFileReference; lastKnownFileType = sourcecode.swift; path = TickerHeaderView.swift; sourceTree = "<group>"; };
		4662DEC225F6444900520DA5 /* TickersPoloniex.app */ = {isa = PBXFileReference; explicitFileType = wrapper.application; includeInIndex = 0; path = TickersPoloniex.app; sourceTree = BUILT_PRODUCTS_DIR; };
		4662DEC525F6444900520DA5 /* AppDelegate.swift */ = {isa = PBXFileReference; lastKnownFileType = sourcecode.swift; path = AppDelegate.swift; sourceTree = "<group>"; };
		4662DEC725F6444900520DA5 /* SceneDelegate.swift */ = {isa = PBXFileReference; lastKnownFileType = sourcecode.swift; path = SceneDelegate.swift; sourceTree = "<group>"; };
		4662DEC925F6444900520DA5 /* ViewController.swift */ = {isa = PBXFileReference; lastKnownFileType = sourcecode.swift; path = ViewController.swift; sourceTree = "<group>"; };
		4662DECC25F6444900520DA5 /* Base */ = {isa = PBXFileReference; lastKnownFileType = file.storyboard; name = Base; path = Base.lproj/Main.storyboard; sourceTree = "<group>"; };
		4662DECE25F6444C00520DA5 /* Assets.xcassets */ = {isa = PBXFileReference; lastKnownFileType = folder.assetcatalog; path = Assets.xcassets; sourceTree = "<group>"; };
		4662DED125F6444C00520DA5 /* Base */ = {isa = PBXFileReference; lastKnownFileType = file.storyboard; name = Base; path = Base.lproj/LaunchScreen.storyboard; sourceTree = "<group>"; };
		4662DED325F6444C00520DA5 /* Info.plist */ = {isa = PBXFileReference; lastKnownFileType = text.plist.xml; path = Info.plist; sourceTree = "<group>"; };
		4662DEDA25F6453900520DA5 /* TickersTableViewController.swift */ = {isa = PBXFileReference; lastKnownFileType = sourcecode.swift; path = TickersTableViewController.swift; sourceTree = "<group>"; };
		4662DEDD25F646A100520DA5 /* Tickers.swift */ = {isa = PBXFileReference; lastKnownFileType = sourcecode.swift; path = Tickers.swift; sourceTree = "<group>"; };
		4662DEE025F64E9C00520DA5 /* APIClient.swift */ = {isa = PBXFileReference; lastKnownFileType = sourcecode.swift; path = APIClient.swift; sourceTree = "<group>"; };
		4662DEF225F8AD8000520DA5 /* TickerCell.swift */ = {isa = PBXFileReference; lastKnownFileType = sourcecode.swift; path = TickerCell.swift; sourceTree = "<group>"; };
		9E861E2D4FAD720F5D7A8645 /* Pods_TickersPoloniex.framework */ = {isa = PBXFileReference; explicitFileType = wrapper.framework; includeInIndex = 0; path = Pods_TickersPoloniex.framework; sourceTree = BUILT_PRODUCTS_DIR; };
		A5AA421A449F10C89CD89652 /* Pods-TickersPoloniex.release.xcconfig */ = {isa = PBXFileReference; includeInIndex = 1; lastKnownFileType = text.xcconfig; name = "Pods-TickersPoloniex.release.xcconfig"; path = "Target Support Files/Pods-TickersPoloniex/Pods-TickersPoloniex.release.xcconfig"; sourceTree = "<group>"; };
		B03897123B387DAAB1945B7B /* Pods-TickersPoloniex.debug.xcconfig */ = {isa = PBXFileReference; includeInIndex = 1; lastKnownFileType = text.xcconfig; name = "Pods-TickersPoloniex.debug.xcconfig"; path = "Target Support Files/Pods-TickersPoloniex/Pods-TickersPoloniex.debug.xcconfig"; sourceTree = "<group>"; };
/* End PBXFileReference section */

/* Begin PBXFrameworksBuildPhase section */
		4662DEBF25F6444900520DA5 /* Frameworks */ = {
			isa = PBXFrameworksBuildPhase;
			buildActionMask = 2147483647;
			files = (
				AA488322F8DA1FD9A1A8F46E /* Pods_TickersPoloniex.framework in Frameworks */,
			);
			runOnlyForDeploymentPostprocessing = 0;
		};
/* End PBXFrameworksBuildPhase section */

/* Begin PBXGroup section */
		4641408D25FA387900649126 /*  Models */ = {
			isa = PBXGroup;
			children = (
				4662DEDD25F646A100520DA5 /* Tickers.swift */,
			);
			path = " Models";
			sourceTree = "<group>";
		};
		4641408E25FA38B100649126 /* Views */ = {
			isa = PBXGroup;
			children = (
				4641408A25F8E75E00649126 /* TickerHeaderView.swift */,
				4662DEF225F8AD8000520DA5 /* TickerCell.swift */,
			);
			path = Views;
			sourceTree = "<group>";
		};
		4641408F25FA38CB00649126 /* Controllers */ = {
			isa = PBXGroup;
			children = (
				4662DEDA25F6453900520DA5 /* TickersTableViewController.swift */,
			);
			path = Controllers;
			sourceTree = "<group>";
		};
		4662DEB925F6444900520DA5 = {
			isa = PBXGroup;
			children = (
				4662DEC425F6444900520DA5 /* TickersPoloniex */,
				4662DEC325F6444900520DA5 /* Products */,
				F1A0690CC3E17D0BF0148C97 /* Pods */,
				CD83F5B7A4DD08B1D58A8FD6 /* Frameworks */,
			);
			sourceTree = "<group>";
		};
		4662DEC325F6444900520DA5 /* Products */ = {
			isa = PBXGroup;
			children = (
				4662DEC225F6444900520DA5 /* TickersPoloniex.app */,
			);
			name = Products;
			sourceTree = "<group>";
		};
		4662DEC425F6444900520DA5 /* TickersPoloniex */ = {
			isa = PBXGroup;
			children = (
				4662DEC525F6444900520DA5 /* AppDelegate.swift */,
				4662DEC725F6444900520DA5 /* SceneDelegate.swift */,
				4662DEE325F64EA400520DA5 /* Network */,
				4641408D25FA387900649126 /*  Models */,
				4641408E25FA38B100649126 /* Views */,
				4641408F25FA38CB00649126 /* Controllers */,
				4662DECE25F6444C00520DA5 /* Assets.xcassets */,
				4662DEC925F6444900520DA5 /* ViewController.swift */,
				4662DED025F6444C00520DA5 /* LaunchScreen.storyboard */,
				4662DECB25F6444900520DA5 /* Main.storyboard */,
				4662DED325F6444C00520DA5 /* Info.plist */,
			);
			path = TickersPoloniex;
			sourceTree = "<group>";
		};
		4662DEE325F64EA400520DA5 /* Network */ = {
			isa = PBXGroup;
			children = (
				4662DEE025F64E9C00520DA5 /* APIClient.swift */,
			);
			path = Network;
			sourceTree = "<group>";
		};
		CD83F5B7A4DD08B1D58A8FD6 /* Frameworks */ = {
			isa = PBXGroup;
			children = (
				9E861E2D4FAD720F5D7A8645 /* Pods_TickersPoloniex.framework */,
			);
			name = Frameworks;
			sourceTree = "<group>";
		};
		F1A0690CC3E17D0BF0148C97 /* Pods */ = {
			isa = PBXGroup;
			children = (
				B03897123B387DAAB1945B7B /* Pods-TickersPoloniex.debug.xcconfig */,
				A5AA421A449F10C89CD89652 /* Pods-TickersPoloniex.release.xcconfig */,
			);
			path = Pods;
			sourceTree = "<group>";
		};
/* End PBXGroup section */

/* Begin PBXNativeTarget section */
		4662DEC125F6444900520DA5 /* TickersPoloniex */ = {
			isa = PBXNativeTarget;
			buildConfigurationList = 4662DED625F6444C00520DA5 /* Build configuration list for PBXNativeTarget "TickersPoloniex" */;
			buildPhases = (
				ACFA126B87A92EFE13B9D6D0 /* [CP] Check Pods Manifest.lock */,
				4662DEBE25F6444900520DA5 /* Sources */,
				4662DEBF25F6444900520DA5 /* Frameworks */,
				4662DEC025F6444900520DA5 /* Resources */,
				05D3D4C6AA0BB8516C231555 /* [CP] Embed Pods Frameworks */,
			);
			buildRules = (
			);
			dependencies = (
			);
			name = TickersPoloniex;
			productName = TickersPoloniex;
			productReference = 4662DEC225F6444900520DA5 /* TickersPoloniex.app */;
			productType = "com.apple.product-type.application";
		};
/* End PBXNativeTarget section */

/* Begin PBXProject section */
		4662DEBA25F6444900520DA5 /* Project object */ = {
			isa = PBXProject;
			attributes = {
				LastSwiftUpdateCheck = 1240;
				LastUpgradeCheck = 1240;
				TargetAttributes = {
					4662DEC125F6444900520DA5 = {
						CreatedOnToolsVersion = 12.4;
					};
				};
			};
			buildConfigurationList = 4662DEBD25F6444900520DA5 /* Build configuration list for PBXProject "TickersPoloniex" */;
			compatibilityVersion = "Xcode 9.3";
			developmentRegion = en;
			hasScannedForEncodings = 0;
			knownRegions = (
				en,
				Base,
			);
			mainGroup = 4662DEB925F6444900520DA5;
			productRefGroup = 4662DEC325F6444900520DA5 /* Products */;
			projectDirPath = "";
			projectRoot = "";
			targets = (
				4662DEC125F6444900520DA5 /* TickersPoloniex */,
			);
		};
/* End PBXProject section */

/* Begin PBXResourcesBuildPhase section */
		4662DEC025F6444900520DA5 /* Resources */ = {
			isa = PBXResourcesBuildPhase;
			buildActionMask = 2147483647;
			files = (
				4662DED225F6444C00520DA5 /* LaunchScreen.storyboard in Resources */,
				4662DECF25F6444C00520DA5 /* Assets.xcassets in Resources */,
				4662DECD25F6444900520DA5 /* Main.storyboard in Resources */,
			);
			runOnlyForDeploymentPostprocessing = 0;
		};
/* End PBXResourcesBuildPhase section */

/* Begin PBXShellScriptBuildPhase section */
		05D3D4C6AA0BB8516C231555 /* [CP] Embed Pods Frameworks */ = {
			isa = PBXShellScriptBuildPhase;
			buildActionMask = 2147483647;
			files = (
			);
			inputFileListPaths = (
				"${PODS_ROOT}/Target Support Files/Pods-TickersPoloniex/Pods-TickersPoloniex-frameworks-${CONFIGURATION}-input-files.xcfilelist",
			);
			name = "[CP] Embed Pods Frameworks";
			outputFileListPaths = (
				"${PODS_ROOT}/Target Support Files/Pods-TickersPoloniex/Pods-TickersPoloniex-frameworks-${CONFIGURATION}-output-files.xcfilelist",
			);
			runOnlyForDeploymentPostprocessing = 0;
			shellPath = /bin/sh;
			shellScript = "\"${PODS_ROOT}/Target Support Files/Pods-TickersPoloniex/Pods-TickersPoloniex-frameworks.sh\"\n";
			showEnvVarsInLog = 0;
		};
		ACFA126B87A92EFE13B9D6D0 /* [CP] Check Pods Manifest.lock */ = {
			isa = PBXShellScriptBuildPhase;
			buildActionMask = 2147483647;
			files = (
			);
			inputFileListPaths = (
			);
			inputPaths = (
				"${PODS_PODFILE_DIR_PATH}/Podfile.lock",
				"${PODS_ROOT}/Manifest.lock",
			);
			name = "[CP] Check Pods Manifest.lock";
			outputFileListPaths = (
			);
			outputPaths = (
				"$(DERIVED_FILE_DIR)/Pods-TickersPoloniex-checkManifestLockResult.txt",
			);
			runOnlyForDeploymentPostprocessing = 0;
			shellPath = /bin/sh;
			shellScript = "diff \"${PODS_PODFILE_DIR_PATH}/Podfile.lock\" \"${PODS_ROOT}/Manifest.lock\" > /dev/null\nif [ $? != 0 ] ; then\n    # print error to STDERR\n    echo \"error: The sandbox is not in sync with the Podfile.lock. Run 'pod install' or update your CocoaPods installation.\" >&2\n    exit 1\nfi\n# This output is used by Xcode 'outputs' to avoid re-running this script phase.\necho \"SUCCESS\" > \"${SCRIPT_OUTPUT_FILE_0}\"\n";
			showEnvVarsInLog = 0;
		};
/* End PBXShellScriptBuildPhase section */

/* Begin PBXSourcesBuildPhase section */
		4662DEBE25F6444900520DA5 /* Sources */ = {
			isa = PBXSourcesBuildPhase;
			buildActionMask = 2147483647;
			files = (
				4662DEDE25F646A100520DA5 /* Tickers.swift in Sources */,
				4662DECA25F6444900520DA5 /* ViewController.swift in Sources */,
				4662DEC625F6444900520DA5 /* AppDelegate.swift in Sources */,
				4662DEDB25F6453900520DA5 /* TickersTableViewController.swift in Sources */,
				4662DEC825F6444900520DA5 /* SceneDelegate.swift in Sources */,
				4662DEF325F8AD8000520DA5 /* TickerCell.swift in Sources */,
				4662DEE125F64E9C00520DA5 /* APIClient.swift in Sources */,
				4641408B25F8E75E00649126 /* TickerHeaderView.swift in Sources */,
			);
			runOnlyForDeploymentPostprocessing = 0;
		};
/* End PBXSourcesBuildPhase section */

/* Begin PBXVariantGroup section */
		4662DECB25F6444900520DA5 /* Main.storyboard */ = {
			isa = PBXVariantGroup;
			children = (
				4662DECC25F6444900520DA5 /* Base */,
			);
			name = Main.storyboard;
			sourceTree = "<group>";
		};
		4662DED025F6444C00520DA5 /* LaunchScreen.storyboard */ = {
			isa = PBXVariantGroup;
			children = (
				4662DED125F6444C00520DA5 /* Base */,
			);
			name = LaunchScreen.storyboard;
			sourceTree = "<group>";
		};
/* End PBXVariantGroup section */

/* Begin XCBuildConfiguration section */
		4662DED425F6444C00520DA5 /* Debug */ = {
			isa = XCBuildConfiguration;
			buildSettings = {
				ALWAYS_SEARCH_USER_PATHS = NO;
				CLANG_ANALYZER_NONNULL = YES;
				CLANG_ANALYZER_NUMBER_OBJECT_CONVERSION = YES_AGGRESSIVE;
				CLANG_CXX_LANGUAGE_STANDARD = "gnu++14";
				CLANG_CXX_LIBRARY = "libc++";
				CLANG_ENABLE_MODULES = YES;
				CLANG_ENABLE_OBJC_ARC = YES;
				CLANG_ENABLE_OBJC_WEAK = YES;
				CLANG_WARN_BLOCK_CAPTURE_AUTORELEASING = YES;
				CLANG_WARN_BOOL_CONVERSION = YES;
				CLANG_WARN_COMMA = YES;
				CLANG_WARN_CONSTANT_CONVERSION = YES;
				CLANG_WARN_DEPRECATED_OBJC_IMPLEMENTATIONS = YES;
				CLANG_WARN_DIRECT_OBJC_ISA_USAGE = YES_ERROR;
				CLANG_WARN_DOCUMENTATION_COMMENTS = YES;
				CLANG_WARN_EMPTY_BODY = YES;
				CLANG_WARN_ENUM_CONVERSION = YES;
				CLANG_WARN_INFINITE_RECURSION = YES;
				CLANG_WARN_INT_CONVERSION = YES;
				CLANG_WARN_NON_LITERAL_NULL_CONVERSION = YES;
				CLANG_WARN_OBJC_IMPLICIT_RETAIN_SELF = YES;
				CLANG_WARN_OBJC_LITERAL_CONVERSION = YES;
				CLANG_WARN_OBJC_ROOT_CLASS = YES_ERROR;
				CLANG_WARN_QUOTED_INCLUDE_IN_FRAMEWORK_HEADER = YES;
				CLANG_WARN_RANGE_LOOP_ANALYSIS = YES;
				CLANG_WARN_STRICT_PROTOTYPES = YES;
				CLANG_WARN_SUSPICIOUS_MOVE = YES;
				CLANG_WARN_UNGUARDED_AVAILABILITY = YES_AGGRESSIVE;
				CLANG_WARN_UNREACHABLE_CODE = YES;
				CLANG_WARN__DUPLICATE_METHOD_MATCH = YES;
				COPY_PHASE_STRIP = NO;
				DEBUG_INFORMATION_FORMAT = dwarf;
				ENABLE_STRICT_OBJC_MSGSEND = YES;
				ENABLE_TESTABILITY = YES;
				GCC_C_LANGUAGE_STANDARD = gnu11;
				GCC_DYNAMIC_NO_PIC = NO;
				GCC_NO_COMMON_BLOCKS = YES;
				GCC_OPTIMIZATION_LEVEL = 0;
				GCC_PREPROCESSOR_DEFINITIONS = (
					"DEBUG=1",
					"$(inherited)",
				);
				GCC_WARN_64_TO_32_BIT_CONVERSION = YES;
				GCC_WARN_ABOUT_RETURN_TYPE = YES_ERROR;
				GCC_WARN_UNDECLARED_SELECTOR = YES;
				GCC_WARN_UNINITIALIZED_AUTOS = YES_AGGRESSIVE;
				GCC_WARN_UNUSED_FUNCTION = YES;
				GCC_WARN_UNUSED_VARIABLE = YES;
				IPHONEOS_DEPLOYMENT_TARGET = 14.4;
				MTL_ENABLE_DEBUG_INFO = INCLUDE_SOURCE;
				MTL_FAST_MATH = YES;
				ONLY_ACTIVE_ARCH = YES;
				SDKROOT = iphoneos;
				SWIFT_ACTIVE_COMPILATION_CONDITIONS = DEBUG;
				SWIFT_OPTIMIZATION_LEVEL = "-Onone";
			};
			name = Debug;
		};
		4662DED525F6444C00520DA5 /* Release */ = {
			isa = XCBuildConfiguration;
			buildSettings = {
				ALWAYS_SEARCH_USER_PATHS = NO;
				CLANG_ANALYZER_NONNULL = YES;
				CLANG_ANALYZER_NUMBER_OBJECT_CONVERSION = YES_AGGRESSIVE;
				CLANG_CXX_LANGUAGE_STANDARD = "gnu++14";
				CLANG_CXX_LIBRARY = "libc++";
				CLANG_ENABLE_MODULES = YES;
				CLANG_ENABLE_OBJC_ARC = YES;
				CLANG_ENABLE_OBJC_WEAK = YES;
				CLANG_WARN_BLOCK_CAPTURE_AUTORELEASING = YES;
				CLANG_WARN_BOOL_CONVERSION = YES;
				CLANG_WARN_COMMA = YES;
				CLANG_WARN_CONSTANT_CONVERSION = YES;
				CLANG_WARN_DEPRECATED_OBJC_IMPLEMENTATIONS = YES;
				CLANG_WARN_DIRECT_OBJC_ISA_USAGE = YES_ERROR;
				CLANG_WARN_DOCUMENTATION_COMMENTS = YES;
				CLANG_WARN_EMPTY_BODY = YES;
				CLANG_WARN_ENUM_CONVERSION = YES;
				CLANG_WARN_INFINITE_RECURSION = YES;
				CLANG_WARN_INT_CONVERSION = YES;
				CLANG_WARN_NON_LITERAL_NULL_CONVERSION = YES;
				CLANG_WARN_OBJC_IMPLICIT_RETAIN_SELF = YES;
				CLANG_WARN_OBJC_LITERAL_CONVERSION = YES;
				CLANG_WARN_OBJC_ROOT_CLASS = YES_ERROR;
				CLANG_WARN_QUOTED_INCLUDE_IN_FRAMEWORK_HEADER = YES;
				CLANG_WARN_RANGE_LOOP_ANALYSIS = YES;
				CLANG_WARN_STRICT_PROTOTYPES = YES;
				CLANG_WARN_SUSPICIOUS_MOVE = YES;
				CLANG_WARN_UNGUARDED_AVAILABILITY = YES_AGGRESSIVE;
				CLANG_WARN_UNREACHABLE_CODE = YES;
				CLANG_WARN__DUPLICATE_METHOD_MATCH = YES;
				COPY_PHASE_STRIP = NO;
				DEBUG_INFORMATION_FORMAT = "dwarf-with-dsym";
				ENABLE_NS_ASSERTIONS = NO;
				ENABLE_STRICT_OBJC_MSGSEND = YES;
				GCC_C_LANGUAGE_STANDARD = gnu11;
				GCC_NO_COMMON_BLOCKS = YES;
				GCC_WARN_64_TO_32_BIT_CONVERSION = YES;
				GCC_WARN_ABOUT_RETURN_TYPE = YES_ERROR;
				GCC_WARN_UNDECLARED_SELECTOR = YES;
				GCC_WARN_UNINITIALIZED_AUTOS = YES_AGGRESSIVE;
				GCC_WARN_UNUSED_FUNCTION = YES;
				GCC_WARN_UNUSED_VARIABLE = YES;
				IPHONEOS_DEPLOYMENT_TARGET = 14.4;
				MTL_ENABLE_DEBUG_INFO = NO;
				MTL_FAST_MATH = YES;
				SDKROOT = iphoneos;
				SWIFT_COMPILATION_MODE = wholemodule;
				SWIFT_OPTIMIZATION_LEVEL = "-O";
				VALIDATE_PRODUCT = YES;
			};
			name = Release;
		};
		4662DED725F6444C00520DA5 /* Debug */ = {
			isa = XCBuildConfiguration;
			baseConfigurationReference = B03897123B387DAAB1945B7B /* Pods-TickersPoloniex.debug.xcconfig */;
			buildSettings = {
				ASSETCATALOG_COMPILER_APPICON_NAME = AppIcon;
				ASSETCATALOG_COMPILER_GLOBAL_ACCENT_COLOR_NAME = AccentColor;
				CODE_SIGN_STYLE = Automatic;
				DEVELOPMENT_TEAM = 2ZJNXLX3CB;
				INFOPLIST_FILE = TickersPoloniex/Info.plist;
				LD_RUNPATH_SEARCH_PATHS = (
					"$(inherited)",
					"@executable_path/Frameworks",
				);
				PRODUCT_BUNDLE_IDENTIFIER = Marina.TickersPoloniex;
				PRODUCT_NAME = "$(TARGET_NAME)";
				SWIFT_VERSION = 5.0;
				TARGETED_DEVICE_FAMILY = "1,2";
			};
			name = Debug;
		};
		4662DED825F6444C00520DA5 /* Release */ = {
			isa = XCBuildConfiguration;
			baseConfigurationReference = A5AA421A449F10C89CD89652 /* Pods-TickersPoloniex.release.xcconfig */;
			buildSettings = {
				ASSETCATALOG_COMPILER_APPICON_NAME = AppIcon;
				ASSETCATALOG_COMPILER_GLOBAL_ACCENT_COLOR_NAME = AccentColor;
				CODE_SIGN_STYLE = Automatic;
				DEVELOPMENT_TEAM = 2ZJNXLX3CB;
				INFOPLIST_FILE = TickersPoloniex/Info.plist;
				LD_RUNPATH_SEARCH_PATHS = (
					"$(inherited)",
					"@executable_path/Frameworks",
				);
				PRODUCT_BUNDLE_IDENTIFIER = Marina.TickersPoloniex;
				PRODUCT_NAME = "$(TARGET_NAME)";
				SWIFT_VERSION = 5.0;
				TARGETED_DEVICE_FAMILY = "1,2";
			};
			name = Release;
		};
/* End XCBuildConfiguration section */

/* Begin XCConfigurationList section */
		4662DEBD25F6444900520DA5 /* Build configuration list for PBXProject "TickersPoloniex" */ = {
			isa = XCConfigurationList;
			buildConfigurations = (
				4662DED425F6444C00520DA5 /* Debug */,
				4662DED525F6444C00520DA5 /* Release */,
			);
			defaultConfigurationIsVisible = 0;
			defaultConfigurationName = Release;
		};
		4662DED625F6444C00520DA5 /* Build configuration list for PBXNativeTarget "TickersPoloniex" */ = {
			isa = XCConfigurationList;
			buildConfigurations = (
				4662DED725F6444C00520DA5 /* Debug */,
				4662DED825F6444C00520DA5 /* Release */,
			);
			defaultConfigurationIsVisible = 0;
			defaultConfigurationName = Release;
		};
/* End XCConfigurationList section */
	};
	rootObject = 4662DEBA25F6444900520DA5 /* Project object */;
}
